
Microsoft Visual Studio Solution File, Format Version 12.00
# Visual Studio Version 17
VisualStudioVersion = 17.2.32526.322
MinimumVisualStudioVersion = 10.0.40219.1
Project("{9A19103F-16F7-4668-BE54-9A1E7A4F7556}") = "NetFramework", "NetFramework\NetFramework.csproj", "{E9FE7048-6910-49AA-9FC5-5A8702135EB6}"
EndProject
Project("{FAE04EC0-301F-11D3-BF4B-00C04F79EFBC}") = "CRUD-Core", "CRUD-Core\CRUD-Core.csproj", "{EA795417-1AF1-4975-93B5-E15359FD4130}"
EndProject
Project("{2150E333-8FDC-42A3-9474-1A3956D46DE8}") = "Solution Items", "Solution Items", "{F546E772-0B69-438F-9D9B-FAB7B09AFC68}"
	ProjectSection(SolutionItems) = preProject
		.editorconfig = .editorconfig
	EndProjectSection
EndProject
Global
	GlobalSection(SolutionConfigurationPlatforms) = preSolution
		Debug|Any CPU = Debug|Any CPU
		Release|Any CPU = Release|Any CPU
	EndGlobalSection
	GlobalSection(ProjectConfigurationPlatforms) = postSolution
		{E9FE7048-6910-49AA-9FC5-5A8702135EB6}.Debug|Any CPU.ActiveCfg = Debug|Any CPU
		{E9FE7048-6910-49AA-9FC5-5A8702135EB6}.Debug|Any CPU.Build.0 = Debug|Any CPU
		{E9FE7048-6910-49AA-9FC5-5A8702135EB6}.Release|Any CPU.ActiveCfg = Release|Any CPU
		{E9FE7048-6910-49AA-9FC5-5A8702135EB6}.Release|Any CPU.Build.0 = Release|Any CPU
		{EA795417-1AF1-4975-93B5-E15359FD4130}.Debug|Any CPU.ActiveCfg = Debug|Any CPU
		{EA795417-1AF1-4975-93B5-E15359FD4130}.Debug|Any CPU.Build.0 = Debug|Any CPU
		{EA795417-1AF1-4975-93B5-E15359FD4130}.Release|Any CPU.ActiveCfg = Release|Any CPU
		{EA795417-1AF1-4975-93B5-E15359FD4130}.Release|Any CPU.Build.0 = Release|Any CPU
	EndGlobalSection
	GlobalSection(SolutionProperties) = preSolution
		HideSolutionNode = FALSE
	EndGlobalSection
	GlobalSection(ExtensibilityGlobals) = postSolution
		SolutionGuid = {6CD2A354-D97C-420C-96C7-0B4C3A6C3290}
	EndGlobalSection
EndGlobal
